
Microsoft Visual Studio Solution File, Format Version 12.00
# Visual Studio 15
Project("{FAE04EC0-301F-11D3-BF4B-00C04F79EFBC}") = "Assembly-CSharp", "Assembly-CSharp.csproj", "{63B3A0AE-A405-E5A4-3028-0D43F23593F8}"
EndProject
Project("{FAE04EC0-301F-11D3-BF4B-00C04F79EFBC}") = "Assembly-CSharp-Editor", "Assembly-CSharp-Editor.csproj", "{C25FDE8E-387B-A4C9-DBD9-22484FC53E7D}"
EndProject
Global
	GlobalSection(SolutionConfigurationPlatforms) = preSolution
		Debug|Any CPU = Debug|Any CPU
		Release|Any CPU = Release|Any CPU
	EndGlobalSection
	GlobalSection(ProjectConfigurationPlatforms) = postSolution
		{63B3A0AE-A405-E5A4-3028-0D43F23593F8}.Debug|Any CPU.ActiveCfg = Debug|Any CPU
		{63B3A0AE-A405-E5A4-3028-0D43F23593F8}.Debug|Any CPU.Build.0 = Debug|Any CPU
		{63B3A0AE-A405-E5A4-3028-0D43F23593F8}.Release|Any CPU.ActiveCfg = Release|Any CPU
		{63B3A0AE-A405-E5A4-3028-0D43F23593F8}.Release|Any CPU.Build.0 = Release|Any CPU
		{C25FDE8E-387B-A4C9-DBD9-22484FC53E7D}.Debug|Any CPU.ActiveCfg = Debug|Any CPU
		{C25FDE8E-387B-A4C9-DBD9-22484FC53E7D}.Debug|Any CPU.Build.0 = Debug|Any CPU
		{C25FDE8E-387B-A4C9-DBD9-22484FC53E7D}.Release|Any CPU.ActiveCfg = Release|Any CPU
		{C25FDE8E-387B-A4C9-DBD9-22484FC53E7D}.Release|Any CPU.Build.0 = Release|Any CPU
	EndGlobalSection
	GlobalSection(SolutionProperties) = preSolution
		HideSolutionNode = FALSE
	EndGlobalSection
EndGlobal
